
Microsoft Visual Studio Solution File, Format Version 12.00
# Visual Studio Version 17
VisualStudioVersion = 17.7.34031.279
MinimumVisualStudioVersion = 10.0.40219.1
Project("{9A19103F-16F7-4668-BE54-9A1E7A4F7556}") = "Api", "Api.csproj", "{03B31CDB-FE29-4738-AFED-DB8B0614B22F}"
EndProject
Project("{9A19103F-16F7-4668-BE54-9A1E7A4F7556}") = "ZionApi", "..\..\api-common-src\ZionApi\ZionApi.csproj", "{069E40B2-FA25-4101-A160-B8E203172FE7}"
EndProject
Project("{9A19103F-16F7-4668-BE54-9A1E7A4F7556}") = "ZionHelper", "..\..\api-common-src\ZionHelper\ZionHelper.csproj", "{83FB02AF-41E5-4A3E-8C0A-4CE8AFCA74BE}"
EndProject
Project("{9A19103F-16F7-4668-BE54-9A1E7A4F7556}") = "ZionOrm", "..\..\api-common-src\ZionOrm\ZionOrm.csproj", "{A429F314-0524-4102-997F-7CD2AA1F4539}"
EndProject
Global
	GlobalSection(SolutionConfigurationPlatforms) = preSolution
		Debug|Any CPU = Debug|Any CPU
		Release|Any CPU = Release|Any CPU
	EndGlobalSection
	GlobalSection(ProjectConfigurationPlatforms) = postSolution
		{03B31CDB-FE29-4738-AFED-DB8B0614B22F}.Debug|Any CPU.ActiveCfg = Debug|Any CPU
		{03B31CDB-FE29-4738-AFED-DB8B0614B22F}.Debug|Any CPU.Build.0 = Debug|Any CPU
		{03B31CDB-FE29-4738-AFED-DB8B0614B22F}.Release|Any CPU.ActiveCfg = Release|Any CPU
		{03B31CDB-FE29-4738-AFED-DB8B0614B22F}.Release|Any CPU.Build.0 = Release|Any CPU
		{069E40B2-FA25-4101-A160-B8E203172FE7}.Debug|Any CPU.ActiveCfg = Debug|Any CPU
		{069E40B2-FA25-4101-A160-B8E203172FE7}.Debug|Any CPU.Build.0 = Debug|Any CPU
		{069E40B2-FA25-4101-A160-B8E203172FE7}.Release|Any CPU.ActiveCfg = Release|Any CPU
		{069E40B2-FA25-4101-A160-B8E203172FE7}.Release|Any CPU.Build.0 = Release|Any CPU
		{83FB02AF-41E5-4A3E-8C0A-4CE8AFCA74BE}.Debug|Any CPU.ActiveCfg = Debug|Any CPU
		{83FB02AF-41E5-4A3E-8C0A-4CE8AFCA74BE}.Debug|Any CPU.Build.0 = Debug|Any CPU
		{83FB02AF-41E5-4A3E-8C0A-4CE8AFCA74BE}.Release|Any CPU.ActiveCfg = Release|Any CPU
		{83FB02AF-41E5-4A3E-8C0A-4CE8AFCA74BE}.Release|Any CPU.Build.0 = Release|Any CPU
		{A429F314-0524-4102-997F-7CD2AA1F4539}.Debug|Any CPU.ActiveCfg = Debug|Any CPU
		{A429F314-0524-4102-997F-7CD2AA1F4539}.Debug|Any CPU.Build.0 = Debug|Any CPU
		{A429F314-0524-4102-997F-7CD2AA1F4539}.Release|Any CPU.ActiveCfg = Release|Any CPU
		{A429F314-0524-4102-997F-7CD2AA1F4539}.Release|Any CPU.Build.0 = Release|Any CPU
	EndGlobalSection
	GlobalSection(SolutionProperties) = preSolution
		HideSolutionNode = FALSE
	EndGlobalSection
	GlobalSection(ExtensibilityGlobals) = postSolution
		SolutionGuid = {73B70C2F-2C47-4B25-9189-F7CCBC43DBE4}
	EndGlobalSection
EndGlobal
